
Microsoft Visual Studio Solution File, Format Version 12.00
# Visual Studio Version 17
VisualStudioVersion = 17.11.35208.52
MinimumVisualStudioVersion = 10.0.40219.1
Project("{FAE04EC0-301F-11D3-BF4B-00C04F79EFBC}") = "MDSAYS_FIX", "MDSAYS DEADLOCK CRASH FIX\MDSAYS_FIX.csproj", "{F6F19146-4AEC-4299-954B-FA059BB94D4A}"
EndProject
Global
	GlobalSection(SolutionConfigurationPlatforms) = preSolution
		Debug|Any CPU = Debug|Any CPU
		Release|Any CPU = Release|Any CPU
	EndGlobalSection
	GlobalSection(ProjectConfigurationPlatforms) = postSolution
		{F6F19146-4AEC-4299-954B-FA059BB94D4A}.Debug|Any CPU.ActiveCfg = Debug|Any CPU
		{F6F19146-4AEC-4299-954B-FA059BB94D4A}.Debug|Any CPU.Build.0 = Debug|Any CPU
		{F6F19146-4AEC-4299-954B-FA059BB94D4A}.Release|Any CPU.ActiveCfg = Release|Any CPU
		{F6F19146-4AEC-4299-954B-FA059BB94D4A}.Release|Any CPU.Build.0 = Release|Any CPU
	EndGlobalSection
	GlobalSection(SolutionProperties) = preSolution
		HideSolutionNode = FALSE
	EndGlobalSection
	GlobalSection(ExtensibilityGlobals) = postSolution
		SolutionGuid = {64BC33C4-7C9B-4591-AB46-F33721A658ED}
	EndGlobalSection
EndGlobal
